
Microsoft Visual Studio Solution File, Format Version 12.00
Project("{FAE04EC0-301F-11D3-BF4B-00C04F79EFBC}") = "FNA.WASM.Sample.Core", "FNA.WASM.Sample.Core\FNA.WASM.Sample.Core.csproj", "{3764D425-92C8-4F02-B179-2E65C140FF33}"
EndProject
Global
	GlobalSection(SolutionConfigurationPlatforms) = preSolution
		Debug|Any CPU = Debug|Any CPU
		Release|Any CPU = Release|Any CPU
	EndGlobalSection
	GlobalSection(ProjectConfigurationPlatforms) = postSolution
		{3764D425-92C8-4F02-B179-2E65C140FF33}.Debug|Any CPU.ActiveCfg = Debug|Any CPU
		{3764D425-92C8-4F02-B179-2E65C140FF33}.Debug|Any CPU.Build.0 = Debug|Any CPU
		{3764D425-92C8-4F02-B179-2E65C140FF33}.Release|Any CPU.ActiveCfg = Release|Any CPU
		{3764D425-92C8-4F02-B179-2E65C140FF33}.Release|Any CPU.Build.0 = Release|Any CPU
	EndGlobalSection
EndGlobal
