
Microsoft Visual Studio Solution File, Format Version 12.00
Project("{FAE04EC0-301F-11D3-BF4B-00C04F79EFBC}") = "FNA.WASM.Sample.Core", "FNA.WASM.Sample.Core\FNA.WASM.Sample.Core.csproj", "{3764D425-92C8-4F02-B179-2E65C140FF33}"
EndProject
Project("{2150E333-8FDC-42A3-9474-1A3956D46DE8}") = "_", "_", "{9AFD4DCB-374C-42FE-86F8-8198901AB889}"
	ProjectSection(SolutionItems) = preProject
		.gitignore = .gitignore
	EndProjectSection
EndProject
Project("{FAE04EC0-301F-11D3-BF4B-00C04F79EFBC}") = "FNA.WASM.Sample.Console", "FNA.WASM.Sample.Console\FNA.WASM.Sample.Console.csproj", "{D44CFAB3-C2F1-429C-A48F-D66153305CDE}"
EndProject
Project("{2150E333-8FDC-42A3-9474-1A3956D46DE8}") = "Lib_x64", "Lib_x64", "{F57BF78F-6BFE-4037-AE48-72A46B4F3B3C}"
	ProjectSection(SolutionItems) = preProject
		lib\FNA3D\x64\FAudio.dll = lib\FNA3D\x64\FAudio.dll
		lib\FNA3D\x64\FNA3D.dll = lib\FNA3D\x64\FNA3D.dll
		lib\FNA3D\x64\libtheorafile.dll = lib\FNA3D\x64\libtheorafile.dll
		lib\SDL2\x64\SDL2.dll = lib\SDL2\x64\SDL2.dll
	EndProjectSection
EndProject
Project("{2150E333-8FDC-42A3-9474-1A3956D46DE8}") = "Lib_browser-wasm", "Lib_browser-wasm", "{D0CDAFA1-5B4A-4693-AE29-24D875169C31}"
	ProjectSection(SolutionItems) = preProject
		lib\FNA3D\browser-wasm\FAudio.a = lib\FNA3D\browser-wasm\FAudio.a
		lib\FNA3D\browser-wasm\FNA3D.a = lib\FNA3D\browser-wasm\FNA3D.a
		lib\FNA3D\browser-wasm\libmojoshader.a = lib\FNA3D\browser-wasm\libmojoshader.a
		lib\SDL2\browser-wasm\SDL2.a = lib\SDL2\browser-wasm\SDL2.a
	EndProjectSection
EndProject
Project("{FAE04EC0-301F-11D3-BF4B-00C04F79EFBC}") = "FNA.Core", "FNA\FNA.Core.csproj", "{577593E9-0A1B-461E-B701-7DBAFAE831F3}"
EndProject
Project("{FAE04EC0-301F-11D3-BF4B-00C04F79EFBC}") = "FNA.WASM.Sample.Web", "FNA.WASM.Sample.Web\FNA.WASM.Sample.Web.csproj", "{5B8AA81C-3468-4FC6-AEC9-9314B75B8633}"
EndProject
Project("{2150E333-8FDC-42A3-9474-1A3956D46DE8}") = "_github", "_github", "{3D86B39D-A01E-47FD-90BF-65D2B52DB792}"
	ProjectSection(SolutionItems) = preProject
		.github\workflows\deploy.yml = .github\workflows\deploy.yml
	EndProjectSection
EndProject
Project("{2150E333-8FDC-42A3-9474-1A3956D46DE8}") = "Proj_FNA", "Proj_FNA", "{A43B96D5-0673-4E3D-8212-B8980025A025}"
EndProject
Project("{2150E333-8FDC-42A3-9474-1A3956D46DE8}") = "Proj_SampleCore", "Proj_SampleCore", "{7CBFC6E3-C932-4516-B542-E2CCD8C496CD}"
EndProject
Project("{2150E333-8FDC-42A3-9474-1A3956D46DE8}") = "Proj_SampleRunners", "Proj_SampleRunners", "{74D4ED2C-C279-40BF-8A9C-51C70BC5863E}"
EndProject
Global
	GlobalSection(SolutionConfigurationPlatforms) = preSolution
		Debug|Any CPU = Debug|Any CPU
		Release|Any CPU = Release|Any CPU
	EndGlobalSection
	GlobalSection(ProjectConfigurationPlatforms) = postSolution
		{3764D425-92C8-4F02-B179-2E65C140FF33}.Debug|Any CPU.ActiveCfg = Debug|Any CPU
		{3764D425-92C8-4F02-B179-2E65C140FF33}.Debug|Any CPU.Build.0 = Debug|Any CPU
		{3764D425-92C8-4F02-B179-2E65C140FF33}.Release|Any CPU.ActiveCfg = Release|Any CPU
		{3764D425-92C8-4F02-B179-2E65C140FF33}.Release|Any CPU.Build.0 = Release|Any CPU
		{D44CFAB3-C2F1-429C-A48F-D66153305CDE}.Debug|Any CPU.ActiveCfg = Debug|Any CPU
		{D44CFAB3-C2F1-429C-A48F-D66153305CDE}.Debug|Any CPU.Build.0 = Debug|Any CPU
		{D44CFAB3-C2F1-429C-A48F-D66153305CDE}.Release|Any CPU.ActiveCfg = Release|Any CPU
		{D44CFAB3-C2F1-429C-A48F-D66153305CDE}.Release|Any CPU.Build.0 = Release|Any CPU
		{577593E9-0A1B-461E-B701-7DBAFAE831F3}.Debug|Any CPU.ActiveCfg = Debug|Any CPU
		{577593E9-0A1B-461E-B701-7DBAFAE831F3}.Debug|Any CPU.Build.0 = Debug|Any CPU
		{577593E9-0A1B-461E-B701-7DBAFAE831F3}.Release|Any CPU.ActiveCfg = Release|Any CPU
		{577593E9-0A1B-461E-B701-7DBAFAE831F3}.Release|Any CPU.Build.0 = Release|Any CPU
		{5B8AA81C-3468-4FC6-AEC9-9314B75B8633}.Debug|Any CPU.ActiveCfg = Debug|Any CPU
		{5B8AA81C-3468-4FC6-AEC9-9314B75B8633}.Debug|Any CPU.Build.0 = Debug|Any CPU
		{5B8AA81C-3468-4FC6-AEC9-9314B75B8633}.Release|Any CPU.ActiveCfg = Release|Any CPU
		{5B8AA81C-3468-4FC6-AEC9-9314B75B8633}.Release|Any CPU.Build.0 = Release|Any CPU
	EndGlobalSection
	GlobalSection(NestedProjects) = preSolution
		{577593E9-0A1B-461E-B701-7DBAFAE831F3} = {A43B96D5-0673-4E3D-8212-B8980025A025}
		{3764D425-92C8-4F02-B179-2E65C140FF33} = {7CBFC6E3-C932-4516-B542-E2CCD8C496CD}
		{D44CFAB3-C2F1-429C-A48F-D66153305CDE} = {74D4ED2C-C279-40BF-8A9C-51C70BC5863E}
		{5B8AA81C-3468-4FC6-AEC9-9314B75B8633} = {74D4ED2C-C279-40BF-8A9C-51C70BC5863E}
	EndGlobalSection
EndGlobal
